// !$*UTF8*$!
{
	archiveVersion = 1;
	classes = {
	};
	objectVersion = 50;
	objects = {

/* Begin PBXBuildFile section */
		4B087D8F25454B490095BFD9 /* AppDelegate.swift in Sources */ = {isa = PBXBuildFile; fileRef = 4B087D8E25454B490095BFD9 /* AppDelegate.swift */; };
		4B087D9125454B490095BFD9 /* SceneDelegate.swift in Sources */ = {isa = PBXBuildFile; fileRef = 4B087D9025454B490095BFD9 /* SceneDelegate.swift */; };
		4B087D9325454B490095BFD9 /* ViewController.swift in Sources */ = {isa = PBXBuildFile; fileRef = 4B087D9225454B490095BFD9 /* ViewController.swift */; };
		4B087D9625454B490095BFD9 /* Main.storyboard in Resources */ = {isa = PBXBuildFile; fileRef = 4B087D9425454B490095BFD9 /* Main.storyboard */; };
		4B087D9825454B4B0095BFD9 /* Assets.xcassets in Resources */ = {isa = PBXBuildFile; fileRef = 4B087D9725454B4B0095BFD9 /* Assets.xcassets */; };
		4B087D9B25454B4B0095BFD9 /* LaunchScreen.storyboard in Resources */ = {isa = PBXBuildFile; fileRef = 4B087D9925454B4B0095BFD9 /* LaunchScreen.storyboard */; };
		4B087DA625454B4B0095BFD9 /* LotteOnTests.swift in Sources */ = {isa = PBXBuildFile; fileRef = 4B087DA525454B4B0095BFD9 /* LotteOnTests.swift */; };
		4B087DB125454B4B0095BFD9 /* LotteOnUITests.swift in Sources */ = {isa = PBXBuildFile; fileRef = 4B087DB025454B4B0095BFD9 /* LotteOnUITests.swift */; };
/* End PBXBuildFile section */

/* Begin PBXContainerItemProxy section */
		4B087DA225454B4B0095BFD9 /* PBXContainerItemProxy */ = {
			isa = PBXContainerItemProxy;
			containerPortal = 4B087D8325454B490095BFD9 /* Project object */;
			proxyType = 1;
			remoteGlobalIDString = 4B087D8A25454B490095BFD9;
			remoteInfo = LotteOn;
		};
		4B087DAD25454B4B0095BFD9 /* PBXContainerItemProxy */ = {
			isa = PBXContainerItemProxy;
			containerPortal = 4B087D8325454B490095BFD9 /* Project object */;
			proxyType = 1;
			remoteGlobalIDString = 4B087D8A25454B490095BFD9;
			remoteInfo = LotteOn;
		};
/* End PBXContainerItemProxy section */

/* Begin PBXFileReference section */
		4B087D8B25454B490095BFD9 /* LotteOn.app */ = {isa = PBXFileReference; explicitFileType = wrapper.application; includeInIndex = 0; path = LotteOn.app; sourceTree = BUILT_PRODUCTS_DIR; };
		4B087D8E25454B490095BFD9 /* AppDelegate.swift */ = {isa = PBXFileReference; lastKnownFileType = sourcecode.swift; path = AppDelegate.swift; sourceTree = "<group>"; };
		4B087D9025454B490095BFD9 /* SceneDelegate.swift */ = {isa = PBXFileReference; lastKnownFileType = sourcecode.swift; path = SceneDelegate.swift; sourceTree = "<group>"; };
		4B087D9225454B490095BFD9 /* ViewController.swift */ = {isa = PBXFileReference; lastKnownFileType = sourcecode.swift; path = ViewController.swift; sourceTree = "<group>"; };
		4B087D9525454B490095BFD9 /* Base */ = {isa = PBXFileReference; lastKnownFileType = file.storyboard; name = Base; path = Base.lproj/Main.storyboard; sourceTree = "<group>"; };
		4B087D9725454B4B0095BFD9 /* Assets.xcassets */ = {isa = PBXFileReference; lastKnownFileType = folder.assetcatalog; path = Assets.xcassets; sourceTree = "<group>"; };
		4B087D9A25454B4B0095BFD9 /* Base */ = {isa = PBXFileReference; lastKnownFileType = file.storyboard; name = Base; path = Base.lproj/LaunchScreen.storyboard; sourceTree = "<group>"; };
		4B087D9C25454B4B0095BFD9 /* Info.plist */ = {isa = PBXFileReference; lastKnownFileType = text.plist.xml; path = Info.plist; sourceTree = "<group>"; };
		4B087DA125454B4B0095BFD9 /* LotteOnTests.xctest */ = {isa = PBXFileReference; explicitFileType = wrapper.cfbundle; includeInIndex = 0; path = LotteOnTests.xctest; sourceTree = BUILT_PRODUCTS_DIR; };
		4B087DA525454B4B0095BFD9 /* LotteOnTests.swift */ = {isa = PBXFileReference; lastKnownFileType = sourcecode.swift; path = LotteOnTests.swift; sourceTree = "<group>"; };
		4B087DA725454B4B0095BFD9 /* Info.plist */ = {isa = PBXFileReference; lastKnownFileType = text.plist.xml; path = Info.plist; sourceTree = "<group>"; };
		4B087DAC25454B4B0095BFD9 /* LotteOnUITests.xctest */ = {isa = PBXFileReference; explicitFileType = wrapper.cfbundle; includeInIndex = 0; path = LotteOnUITests.xctest; sourceTree = BUILT_PRODUCTS_DIR; };
		4B087DB025454B4B0095BFD9 /* LotteOnUITests.swift */ = {isa = PBXFileReference; lastKnownFileType = sourcecode.swift; path = LotteOnUITests.swift; sourceTree = "<group>"; };
		4B087DB225454B4B0095BFD9 /* Info.plist */ = {isa = PBXFileReference; lastKnownFileType = text.plist.xml; path = Info.plist; sourceTree = "<group>"; };
/* End PBXFileReference section */

/* Begin PBXFrameworksBuildPhase section */
		4B087D8825454B490095BFD9 /* Frameworks */ = {
			isa = PBXFrameworksBuildPhase;
			buildActionMask = 2147483647;
			files = (
			);
			runOnlyForDeploymentPostprocessing = 0;
		};
		4B087D9E25454B4B0095BFD9 /* Frameworks */ = {
			isa = PBXFrameworksBuildPhase;
			buildActionMask = 2147483647;
			files = (
			);
			runOnlyForDeploymentPostprocessing = 0;
		};
		4B087DA925454B4B0095BFD9 /* Frameworks */ = {
			isa = PBXFrameworksBuildPhase;
			buildActionMask = 2147483647;
			files = (
			);
			runOnlyForDeploymentPostprocessing = 0;
		};
/* End PBXFrameworksBuildPhase section */

/* Begin PBXGroup section */
		4B087D8225454B490095BFD9 = {
			isa = PBXGroup;
			children = (
				4B087D8D25454B490095BFD9 /* LotteOn */,
				4B087DA425454B4B0095BFD9 /* LotteOnTests */,
				4B087DAF25454B4B0095BFD9 /* LotteOnUITests */,
				4B087D8C25454B490095BFD9 /* Products */,
			);
			sourceTree = "<group>";
		};
		4B087D8C25454B490095BFD9 /* Products */ = {
			isa = PBXGroup;
			children = (
				4B087D8B25454B490095BFD9 /* LotteOn.app */,
				4B087DA125454B4B0095BFD9 /* LotteOnTests.xctest */,
				4B087DAC25454B4B0095BFD9 /* LotteOnUITests.xctest */,
			);
			name = Products;
			sourceTree = "<group>";
		};
		4B087D8D25454B490095BFD9 /* LotteOn */ = {
			isa = PBXGroup;
			children = (
				4B087D8E25454B490095BFD9 /* AppDelegate.swift */,
				4B087D9025454B490095BFD9 /* SceneDelegate.swift */,
				4B087D9225454B490095BFD9 /* ViewController.swift */,
				4B087D9425454B490095BFD9 /* Main.storyboard */,
				4B087D9725454B4B0095BFD9 /* Assets.xcassets */,
				4B087D9925454B4B0095BFD9 /* LaunchScreen.storyboard */,
				4B087D9C25454B4B0095BFD9 /* Info.plist */,
			);
			path = LotteOn;
			sourceTree = "<group>";
		};
		4B087DA425454B4B0095BFD9 /* LotteOnTests */ = {
			isa = PBXGroup;
			children = (
				4B087DA525454B4B0095BFD9 /* LotteOnTests.swift */,
				4B087DA725454B4B0095BFD9 /* Info.plist */,
			);
			path = LotteOnTests;
			sourceTree = "<group>";
		};
		4B087DAF25454B4B0095BFD9 /* LotteOnUITests */ = {
			isa = PBXGroup;
			children = (
				4B087DB025454B4B0095BFD9 /* LotteOnUITests.swift */,
				4B087DB225454B4B0095BFD9 /* Info.plist */,
			);
			path = LotteOnUITests;
			sourceTree = "<group>";
		};
/* End PBXGroup section */

/* Begin PBXNativeTarget section */
		4B087D8A25454B490095BFD9 /* LotteOn */ = {
			isa = PBXNativeTarget;
			buildConfigurationList = 4B087DB525454B4B0095BFD9 /* Build configuration list for PBXNativeTarget "LotteOn" */;
			buildPhases = (
				4B087D8725454B490095BFD9 /* Sources */,
				4B087D8825454B490095BFD9 /* Frameworks */,
				4B087D8925454B490095BFD9 /* Resources */,
			);
			buildRules = (
			);
			dependencies = (
			);
			name = LotteOn;
			productName = LotteOn;
			productReference = 4B087D8B25454B490095BFD9 /* LotteOn.app */;
			productType = "com.apple.product-type.application";
		};
		4B087DA025454B4B0095BFD9 /* LotteOnTests */ = {
			isa = PBXNativeTarget;
			buildConfigurationList = 4B087DB825454B4B0095BFD9 /* Build configuration list for PBXNativeTarget "LotteOnTests" */;
			buildPhases = (
				4B087D9D25454B4B0095BFD9 /* Sources */,
				4B087D9E25454B4B0095BFD9 /* Frameworks */,
				4B087D9F25454B4B0095BFD9 /* Resources */,
			);
			buildRules = (
			);
			dependencies = (
				4B087DA325454B4B0095BFD9 /* PBXTargetDependency */,
			);
			name = LotteOnTests;
			productName = LotteOnTests;
			productReference = 4B087DA125454B4B0095BFD9 /* LotteOnTests.xctest */;
			productType = "com.apple.product-type.bundle.unit-test";
		};
		4B087DAB25454B4B0095BFD9 /* LotteOnUITests */ = {
			isa = PBXNativeTarget;
			buildConfigurationList = 4B087DBB25454B4B0095BFD9 /* Build configuration list for PBXNativeTarget "LotteOnUITests" */;
			buildPhases = (
				4B087DA825454B4B0095BFD9 /* Sources */,
				4B087DA925454B4B0095BFD9 /* Frameworks */,
				4B087DAA25454B4B0095BFD9 /* Resources */,
			);
			buildRules = (
			);
			dependencies = (
				4B087DAE25454B4B0095BFD9 /* PBXTargetDependency */,
			);
			name = LotteOnUITests;
			productName = LotteOnUITests;
			productReference = 4B087DAC25454B4B0095BFD9 /* LotteOnUITests.xctest */;
			productType = "com.apple.product-type.bundle.ui-testing";
		};
/* End PBXNativeTarget section */

/* Begin PBXProject section */
		4B087D8325454B490095BFD9 /* Project object */ = {
			isa = PBXProject;
			attributes = {
				LastSwiftUpdateCheck = 1200;
				LastUpgradeCheck = 1200;
				TargetAttributes = {
					4B087D8A25454B490095BFD9 = {
						CreatedOnToolsVersion = 12.0.1;
					};
					4B087DA025454B4B0095BFD9 = {
						CreatedOnToolsVersion = 12.0.1;
						TestTargetID = 4B087D8A25454B490095BFD9;
					};
					4B087DAB25454B4B0095BFD9 = {
						CreatedOnToolsVersion = 12.0.1;
						TestTargetID = 4B087D8A25454B490095BFD9;
					};
				};
			};
			buildConfigurationList = 4B087D8625454B490095BFD9 /* Build configuration list for PBXProject "LotteOn" */;
			compatibilityVersion = "Xcode 9.3";
			developmentRegion = en;
			hasScannedForEncodings = 0;
			knownRegions = (
				en,
				Base,
			);
			mainGroup = 4B087D8225454B490095BFD9;
			productRefGroup = 4B087D8C25454B490095BFD9 /* Products */;
			projectDirPath = "";
			projectRoot = "";
			targets = (
				4B087D8A25454B490095BFD9 /* LotteOn */,
				4B087DA025454B4B0095BFD9 /* LotteOnTests */,
				4B087DAB25454B4B0095BFD9 /* LotteOnUITests */,
			);
		};
/* End PBXProject section */

/* Begin PBXResourcesBuildPhase section */
		4B087D8925454B490095BFD9 /* Resources */ = {
			isa = PBXResourcesBuildPhase;
			buildActionMask = 2147483647;
			files = (
				4B087D9B25454B4B0095BFD9 /* LaunchScreen.storyboard in Resources */,
				4B087D9825454B4B0095BFD9 /* Assets.xcassets in Resources */,
				4B087D9625454B490095BFD9 /* Main.storyboard in Resources */,
			);
			runOnlyForDeploymentPostprocessing = 0;
		};
		4B087D9F25454B4B0095BFD9 /* Resources */ = {
			isa = PBXResourcesBuildPhase;
			buildActionMask = 2147483647;
			files = (
			);
			runOnlyForDeploymentPostprocessing = 0;
		};
		4B087DAA25454B4B0095BFD9 /* Resources */ = {
			isa = PBXResourcesBuildPhase;
			buildActionMask = 2147483647;
			files = (
			);
			runOnlyForDeploymentPostprocessing = 0;
		};
/* End PBXResourcesBuildPhase section */

/* Begin PBXSourcesBuildPhase section */
		4B087D8725454B490095BFD9 /* Sources */ = {
			isa = PBXSourcesBuildPhase;
			buildActionMask = 2147483647;
			files = (
				4B087D9325454B490095BFD9 /* ViewController.swift in Sources */,
				4B087D8F25454B490095BFD9 /* AppDelegate.swift in Sources */,
				4B087D9125454B490095BFD9 /* SceneDelegate.swift in Sources */,
			);
			runOnlyForDeploymentPostprocessing = 0;
		};
		4B087D9D25454B4B0095BFD9 /* Sources */ = {
			isa = PBXSourcesBuildPhase;
			buildActionMask = 2147483647;
			files = (
				4B087DA625454B4B0095BFD9 /* LotteOnTests.swift in Sources */,
			);
			runOnlyForDeploymentPostprocessing = 0;
		};
		4B087DA825454B4B0095BFD9 /* Sources */ = {
			isa = PBXSourcesBuildPhase;
			buildActionMask = 2147483647;
			files = (
				4B087DB125454B4B0095BFD9 /* LotteOnUITests.swift in Sources */,
			);
			runOnlyForDeploymentPostprocessing = 0;
		};
/* End PBXSourcesBuildPhase section */

/* Begin PBXTargetDependency section */
		4B087DA325454B4B0095BFD9 /* PBXTargetDependency */ = {
			isa = PBXTargetDependency;
			target = 4B087D8A25454B490095BFD9 /* LotteOn */;
			targetProxy = 4B087DA225454B4B0095BFD9 /* PBXContainerItemProxy */;
		};
		4B087DAE25454B4B0095BFD9 /* PBXTargetDependency */ = {
			isa = PBXTargetDependency;
			target = 4B087D8A25454B490095BFD9 /* LotteOn */;
			targetProxy = 4B087DAD25454B4B0095BFD9 /* PBXContainerItemProxy */;
		};
/* End PBXTargetDependency section */

/* Begin PBXVariantGroup section */
		4B087D9425454B490095BFD9 /* Main.storyboard */ = {
			isa = PBXVariantGroup;
			children = (
				4B087D9525454B490095BFD9 /* Base */,
			);
			name = Main.storyboard;
			sourceTree = "<group>";
		};
		4B087D9925454B4B0095BFD9 /* LaunchScreen.storyboard */ = {
			isa = PBXVariantGroup;
			children = (
				4B087D9A25454B4B0095BFD9 /* Base */,
			);
			name = LaunchScreen.storyboard;
			sourceTree = "<group>";
		};
/* End PBXVariantGroup section */

/* Begin XCBuildConfiguration section */
		4B087DB325454B4B0095BFD9 /* Debug */ = {
			isa = XCBuildConfiguration;
			buildSettings = {
				ALWAYS_SEARCH_USER_PATHS = NO;
				CLANG_ANALYZER_NONNULL = YES;
				CLANG_ANALYZER_NUMBER_OBJECT_CONVERSION = YES_AGGRESSIVE;
				CLANG_CXX_LANGUAGE_STANDARD = "gnu++14";
				CLANG_CXX_LIBRARY = "libc++";
				CLANG_ENABLE_MODULES = YES;
				CLANG_ENABLE_OBJC_ARC = YES;
				CLANG_ENABLE_OBJC_WEAK = YES;
				CLANG_WARN_BLOCK_CAPTURE_AUTORELEASING = YES;
				CLANG_WARN_BOOL_CONVERSION = YES;
				CLANG_WARN_COMMA = YES;
				CLANG_WARN_CONSTANT_CONVERSION = YES;
				CLANG_WARN_DEPRECATED_OBJC_IMPLEMENTATIONS = YES;
				CLANG_WARN_DIRECT_OBJC_ISA_USAGE = YES_ERROR;
				CLANG_WARN_DOCUMENTATION_COMMENTS = YES;
				CLANG_WARN_EMPTY_BODY = YES;
				CLANG_WARN_ENUM_CONVERSION = YES;
				CLANG_WARN_INFINITE_RECURSION = YES;
				CLANG_WARN_INT_CONVERSION = YES;
				CLANG_WARN_NON_LITERAL_NULL_CONVERSION = YES;
				CLANG_WARN_OBJC_IMPLICIT_RETAIN_SELF = YES;
				CLANG_WARN_OBJC_LITERAL_CONVERSION = YES;
				CLANG_WARN_OBJC_ROOT_CLASS = YES_ERROR;
				CLANG_WARN_QUOTED_INCLUDE_IN_FRAMEWORK_HEADER = YES;
				CLANG_WARN_RANGE_LOOP_ANALYSIS = YES;
				CLANG_WARN_STRICT_PROTOTYPES = YES;
				CLANG_WARN_SUSPICIOUS_MOVE = YES;
				CLANG_WARN_UNGUARDED_AVAILABILITY = YES_AGGRESSIVE;
				CLANG_WARN_UNREACHABLE_CODE = YES;
				CLANG_WARN__DUPLICATE_METHOD_MATCH = YES;
				COPY_PHASE_STRIP = NO;
				DEBUG_INFORMATION_FORMAT = dwarf;
				ENABLE_STRICT_OBJC_MSGSEND = YES;
				ENABLE_TESTABILITY = YES;
				GCC_C_LANGUAGE_STANDARD = gnu11;
				GCC_DYNAMIC_NO_PIC = NO;
				GCC_NO_COMMON_BLOCKS = YES;
				GCC_OPTIMIZATION_LEVEL = 0;
				GCC_PREPROCESSOR_DEFINITIONS = (
					"DEBUG=1",
					"$(inherited)",
				);
				GCC_WARN_64_TO_32_BIT_CONVERSION = YES;
				GCC_WARN_ABOUT_RETURN_TYPE = YES_ERROR;
				GCC_WARN_UNDECLARED_SELECTOR = YES;
				GCC_WARN_UNINITIALIZED_AUTOS = YES_AGGRESSIVE;
				GCC_WARN_UNUSED_FUNCTION = YES;
				GCC_WARN_UNUSED_VARIABLE = YES;
				IPHONEOS_DEPLOYMENT_TARGET = 14.0;
				MTL_ENABLE_DEBUG_INFO = INCLUDE_SOURCE;
				MTL_FAST_MATH = YES;
				ONLY_ACTIVE_ARCH = YES;
				SDKROOT = iphoneos;
				SWIFT_ACTIVE_COMPILATION_CONDITIONS = DEBUG;
				SWIFT_OPTIMIZATION_LEVEL = "-Onone";
			};
			name = Debug;
		};
		4B087DB425454B4B0095BFD9 /* Release */ = {
			isa = XCBuildConfiguration;
			buildSettings = {
				ALWAYS_SEARCH_USER_PATHS = NO;
				CLANG_ANALYZER_NONNULL = YES;
				CLANG_ANALYZER_NUMBER_OBJECT_CONVERSION = YES_AGGRESSIVE;
				CLANG_CXX_LANGUAGE_STANDARD = "gnu++14";
				CLANG_CXX_LIBRARY = "libc++";
				CLANG_ENABLE_MODULES = YES;
				CLANG_ENABLE_OBJC_ARC = YES;
				CLANG_ENABLE_OBJC_WEAK = YES;
				CLANG_WARN_BLOCK_CAPTURE_AUTORELEASING = YES;
				CLANG_WARN_BOOL_CONVERSION = YES;
				CLANG_WARN_COMMA = YES;
				CLANG_WARN_CONSTANT_CONVERSION = YES;
				CLANG_WARN_DEPRECATED_OBJC_IMPLEMENTATIONS = YES;
				CLANG_WARN_DIRECT_OBJC_ISA_USAGE = YES_ERROR;
				CLANG_WARN_DOCUMENTATION_COMMENTS = YES;
				CLANG_WARN_EMPTY_BODY = YES;
				CLANG_WARN_ENUM_CONVERSION = YES;
				CLANG_WARN_INFINITE_RECURSION = YES;
				CLANG_WARN_INT_CONVERSION = YES;
				CLANG_WARN_NON_LITERAL_NULL_CONVERSION = YES;
				CLANG_WARN_OBJC_IMPLICIT_RETAIN_SELF = YES;
				CLANG_WARN_OBJC_LITERAL_CONVERSION = YES;
				CLANG_WARN_OBJC_ROOT_CLASS = YES_ERROR;
				CLANG_WARN_QUOTED_INCLUDE_IN_FRAMEWORK_HEADER = YES;
				CLANG_WARN_RANGE_LOOP_ANALYSIS = YES;
				CLANG_WARN_STRICT_PROTOTYPES = YES;
				CLANG_WARN_SUSPICIOUS_MOVE = YES;
				CLANG_WARN_UNGUARDED_AVAILABILITY = YES_AGGRESSIVE;
				CLANG_WARN_UNREACHABLE_CODE = YES;
				CLANG_WARN__DUPLICATE_METHOD_MATCH = YES;
				COPY_PHASE_STRIP = NO;
				DEBUG_INFORMATION_FORMAT = "dwarf-with-dsym";
				ENABLE_NS_ASSERTIONS = NO;
				ENABLE_STRICT_OBJC_MSGSEND = YES;
				GCC_C_LANGUAGE_STANDARD = gnu11;
				GCC_NO_COMMON_BLOCKS = YES;
				GCC_WARN_64_TO_32_BIT_CONVERSION = YES;
				GCC_WARN_ABOUT_RETURN_TYPE = YES_ERROR;
				GCC_WARN_UNDECLARED_SELECTOR = YES;
				GCC_WARN_UNINITIALIZED_AUTOS = YES_AGGRESSIVE;
				GCC_WARN_UNUSED_FUNCTION = YES;
				GCC_WARN_UNUSED_VARIABLE = YES;
				IPHONEOS_DEPLOYMENT_TARGET = 14.0;
				MTL_ENABLE_DEBUG_INFO = NO;
				MTL_FAST_MATH = YES;
				SDKROOT = iphoneos;
				SWIFT_COMPILATION_MODE = wholemodule;
				SWIFT_OPTIMIZATION_LEVEL = "-O";
				VALIDATE_PRODUCT = YES;
			};
			name = Release;
		};
		4B087DB625454B4B0095BFD9 /* Debug */ = {
			isa = XCBuildConfiguration;
			buildSettings = {
				ASSETCATALOG_COMPILER_APPICON_NAME = AppIcon;
				ASSETCATALOG_COMPILER_GLOBAL_ACCENT_COLOR_NAME = AccentColor;
				CODE_SIGN_STYLE = Automatic;
				INFOPLIST_FILE = LotteOn/Info.plist;
				LD_RUNPATH_SEARCH_PATHS = (
					"$(inherited)",
					"@executable_path/Frameworks",
				);
				PRODUCT_BUNDLE_IDENTIFIER = com.mmxsound.LotteOn;
				PRODUCT_NAME = "$(TARGET_NAME)";
				SWIFT_VERSION = 5.0;
				TARGETED_DEVICE_FAMILY = "1,2";
			};
			name = Debug;
		};
		4B087DB725454B4B0095BFD9 /* Release */ = {
			isa = XCBuildConfiguration;
			buildSettings = {
				ASSETCATALOG_COMPILER_APPICON_NAME = AppIcon;
				ASSETCATALOG_COMPILER_GLOBAL_ACCENT_COLOR_NAME = AccentColor;
				CODE_SIGN_STYLE = Automatic;
				INFOPLIST_FILE = LotteOn/Info.plist;
				LD_RUNPATH_SEARCH_PATHS = (
					"$(inherited)",
					"@executable_path/Frameworks",
				);
				PRODUCT_BUNDLE_IDENTIFIER = com.mmxsound.LotteOn;
				PRODUCT_NAME = "$(TARGET_NAME)";
				SWIFT_VERSION = 5.0;
				TARGETED_DEVICE_FAMILY = "1,2";
			};
			name = Release;
		};
		4B087DB925454B4B0095BFD9 /* Debug */ = {
			isa = XCBuildConfiguration;
			buildSettings = {
				ALWAYS_EMBED_SWIFT_STANDARD_LIBRARIES = YES;
				BUNDLE_LOADER = "$(TEST_HOST)";
				CODE_SIGN_STYLE = Automatic;
				INFOPLIST_FILE = LotteOnTests/Info.plist;
				IPHONEOS_DEPLOYMENT_TARGET = 14.0;
				LD_RUNPATH_SEARCH_PATHS = (
					"$(inherited)",
					"@executable_path/Frameworks",
					"@loader_path/Frameworks",
				);
				PRODUCT_BUNDLE_IDENTIFIER = com.mmxsound.LotteOnTests;
				PRODUCT_NAME = "$(TARGET_NAME)";
				SWIFT_VERSION = 5.0;
				TARGETED_DEVICE_FAMILY = "1,2";
				TEST_HOST = "$(BUILT_PRODUCTS_DIR)/LotteOn.app/LotteOn";
			};
			name = Debug;
		};
		4B087DBA25454B4B0095BFD9 /* Release */ = {
			isa = XCBuildConfiguration;
			buildSettings = {
				ALWAYS_EMBED_SWIFT_STANDARD_LIBRARIES = YES;
				BUNDLE_LOADER = "$(TEST_HOST)";
				CODE_SIGN_STYLE = Automatic;
				INFOPLIST_FILE = LotteOnTests/Info.plist;
				IPHONEOS_DEPLOYMENT_TARGET = 14.0;
				LD_RUNPATH_SEARCH_PATHS = (
					"$(inherited)",
					"@executable_path/Frameworks",
					"@loader_path/Frameworks",
				);
				PRODUCT_BUNDLE_IDENTIFIER = com.mmxsound.LotteOnTests;
				PRODUCT_NAME = "$(TARGET_NAME)";
				SWIFT_VERSION = 5.0;
				TARGETED_DEVICE_FAMILY = "1,2";
				TEST_HOST = "$(BUILT_PRODUCTS_DIR)/LotteOn.app/LotteOn";
			};
			name = Release;
		};
		4B087DBC25454B4B0095BFD9 /* Debug */ = {
			isa = XCBuildConfiguration;
			buildSettings = {
				ALWAYS_EMBED_SWIFT_STANDARD_LIBRARIES = YES;
				CODE_SIGN_STYLE = Automatic;
				INFOPLIST_FILE = LotteOnUITests/Info.plist;
				LD_RUNPATH_SEARCH_PATHS = (
					"$(inherited)",
					"@executable_path/Frameworks",
					"@loader_path/Frameworks",
				);
				PRODUCT_BUNDLE_IDENTIFIER = com.mmxsound.LotteOnUITests;
				PRODUCT_NAME = "$(TARGET_NAME)";
				SWIFT_VERSION = 5.0;
				TARGETED_DEVICE_FAMILY = "1,2";
				TEST_TARGET_NAME = LotteOn;
			};
			name = Debug;
		};
		4B087DBD25454B4B0095BFD9 /* Release */ = {
			isa = XCBuildConfiguration;
			buildSettings = {
				ALWAYS_EMBED_SWIFT_STANDARD_LIBRARIES = YES;
				CODE_SIGN_STYLE = Automatic;
				INFOPLIST_FILE = LotteOnUITests/Info.plist;
				LD_RUNPATH_SEARCH_PATHS = (
					"$(inherited)",
					"@executable_path/Frameworks",
					"@loader_path/Frameworks",
				);
				PRODUCT_BUNDLE_IDENTIFIER = com.mmxsound.LotteOnUITests;
				PRODUCT_NAME = "$(TARGET_NAME)";
				SWIFT_VERSION = 5.0;
				TARGETED_DEVICE_FAMILY = "1,2";
				TEST_TARGET_NAME = LotteOn;
			};
			name = Release;
		};
/* End XCBuildConfiguration section */

/* Begin XCConfigurationList section */
		4B087D8625454B490095BFD9 /* Build configuration list for PBXProject "LotteOn" */ = {
			isa = XCConfigurationList;
			buildConfigurations = (
				4B087DB325454B4B0095BFD9 /* Debug */,
				4B087DB425454B4B0095BFD9 /* Release */,
			);
			defaultConfigurationIsVisible = 0;
			defaultConfigurationName = Release;
		};
		4B087DB525454B4B0095BFD9 /* Build configuration list for PBXNativeTarget "LotteOn" */ = {
			isa = XCConfigurationList;
			buildConfigurations = (
				4B087DB625454B4B0095BFD9 /* Debug */,
				4B087DB725454B4B0095BFD9 /* Release */,
			);
			defaultConfigurationIsVisible = 0;
			defaultConfigurationName = Release;
		};
		4B087DB825454B4B0095BFD9 /* Build configuration list for PBXNativeTarget "LotteOnTests" */ = {
			isa = XCConfigurationList;
			buildConfigurations = (
				4B087DB925454B4B0095BFD9 /* Debug */,
				4B087DBA25454B4B0095BFD9 /* Release */,
			);
			defaultConfigurationIsVisible = 0;
			defaultConfigurationName = Release;
		};
		4B087DBB25454B4B0095BFD9 /* Build configuration list for PBXNativeTarget "LotteOnUITests" */ = {
			isa = XCConfigurationList;
			buildConfigurations = (
				4B087DBC25454B4B0095BFD9 /* Debug */,
				4B087DBD25454B4B0095BFD9 /* Release */,
			);
			defaultConfigurationIsVisible = 0;
			defaultConfigurationName = Release;
		};
/* End XCConfigurationList section */
	};
	rootObject = 4B087D8325454B490095BFD9 /* Project object */;
}
