// !$*UTF8*$!
{
	archiveVersion = 1;
	classes = {
	};
	objectVersion = 51;
	objects = {

/* Begin PBXBuildFile section */
		32170A3F511469EA30626D8B /* Pods_LotteOn.framework in Frameworks */ = {isa = PBXBuildFile; fileRef = 432CE9ED3A89B05BA89E49DC /* Pods_LotteOn.framework */; };
		4B087D8F25454B490095BFD9 /* AppDelegate.swift in Sources */ = {isa = PBXBuildFile; fileRef = 4B087D8E25454B490095BFD9 /* AppDelegate.swift */; };
		4B087D9125454B490095BFD9 /* SceneDelegate.swift in Sources */ = {isa = PBXBuildFile; fileRef = 4B087D9025454B490095BFD9 /* SceneDelegate.swift */; };
		4B087D9325454B490095BFD9 /* ViewController.swift in Sources */ = {isa = PBXBuildFile; fileRef = 4B087D9225454B490095BFD9 /* ViewController.swift */; };
		4B087D9625454B490095BFD9 /* Main.storyboard in Resources */ = {isa = PBXBuildFile; fileRef = 4B087D9425454B490095BFD9 /* Main.storyboard */; };
		4B087D9825454B4B0095BFD9 /* Assets.xcassets in Resources */ = {isa = PBXBuildFile; fileRef = 4B087D9725454B4B0095BFD9 /* Assets.xcassets */; };
		4B087D9B25454B4B0095BFD9 /* LaunchScreen.storyboard in Resources */ = {isa = PBXBuildFile; fileRef = 4B087D9925454B4B0095BFD9 /* LaunchScreen.storyboard */; };
		4B087DA625454B4B0095BFD9 /* LotteOnTests.swift in Sources */ = {isa = PBXBuildFile; fileRef = 4B087DA525454B4B0095BFD9 /* LotteOnTests.swift */; };
		4B087DB125454B4B0095BFD9 /* LotteOnUITests.swift in Sources */ = {isa = PBXBuildFile; fileRef = 4B087DB025454B4B0095BFD9 /* LotteOnUITests.swift */; };
		4B087DC325454BA00095BFD9 /* Service.swift in Sources */ = {isa = PBXBuildFile; fileRef = 4B087DC225454BA00095BFD9 /* Service.swift */; };
		4B087DCC25454CC30095BFD9 /* Product.swift in Sources */ = {isa = PBXBuildFile; fileRef = 4B087DCB25454CC30095BFD9 /* Product.swift */; };
		4B087DD425454D8C0095BFD9 /* product_list.json in Resources */ = {isa = PBXBuildFile; fileRef = 4B087DD325454D8B0095BFD9 /* product_list.json */; };
		4B087DDA25454E3A0095BFD9 /* ProductListViewModel.swift in Sources */ = {isa = PBXBuildFile; fileRef = 4B087DD925454E3A0095BFD9 /* ProductListViewModel.swift */; };
		4B087DDF25454EC90095BFD9 /* Bindable.swift in Sources */ = {isa = PBXBuildFile; fileRef = 4B087DDE25454EC90095BFD9 /* Bindable.swift */; };
		4B087DEE254554450095BFD9 /* CustomCollectionCell.swift in Sources */ = {isa = PBXBuildFile; fileRef = 4B087DED254554450095BFD9 /* CustomCollectionCell.swift */; };
		4B087DF9254556830095BFD9 /* ProductViewModel.swift in Sources */ = {isa = PBXBuildFile; fileRef = 4B087DF8254556830095BFD9 /* ProductViewModel.swift */; };
		4B087DFE254557D40095BFD9 /* CustomCollectionCell.xib in Resources */ = {isa = PBXBuildFile; fileRef = 4B087DFD254557D40095BFD9 /* CustomCollectionCell.xib */; };
		4B087E042545596E0095BFD9 /* Extension.swift in Sources */ = {isa = PBXBuildFile; fileRef = 4B087E032545596E0095BFD9 /* Extension.swift */; };
		4B0FC00C2546713300A3D2A3 /* MallSectionViewModel.swift in Sources */ = {isa = PBXBuildFile; fileRef = 4B0FC00B2546713300A3D2A3 /* MallSectionViewModel.swift */; };
		4B0FC0112546837C00A3D2A3 /* MallInfo.swift in Sources */ = {isa = PBXBuildFile; fileRef = 4B0FC0102546837C00A3D2A3 /* MallInfo.swift */; };
		4B9D22952545941B00117EF4 /* FilterViewController.swift in Sources */ = {isa = PBXBuildFile; fileRef = 4B9D22942545941B00117EF4 /* FilterViewController.swift */; };
		4B9D229A2545967A00117EF4 /* MallSelectionCell.swift in Sources */ = {isa = PBXBuildFile; fileRef = 4B9D22992545967A00117EF4 /* MallSelectionCell.swift */; };
		4B9D229F2545968600117EF4 /* MallSelectionCell.xib in Resources */ = {isa = PBXBuildFile; fileRef = 4B9D229E2545968600117EF4 /* MallSelectionCell.xib */; };
		799A6A92431AF777A44551A6 /* Pods_LotteOn_LotteOnUITests.framework in Frameworks */ = {isa = PBXBuildFile; fileRef = 9EB83674154490692549A988 /* Pods_LotteOn_LotteOnUITests.framework */; };
		DB7184DB443386F60748E3AE /* Pods_LotteOnTests.framework in Frameworks */ = {isa = PBXBuildFile; fileRef = C17B1B92D32E33B5D220BB79 /* Pods_LotteOnTests.framework */; };
/* End PBXBuildFile section */

/* Begin PBXContainerItemProxy section */
		4B087DA225454B4B0095BFD9 /* PBXContainerItemProxy */ = {
			isa = PBXContainerItemProxy;
			containerPortal = 4B087D8325454B490095BFD9 /* Project object */;
			proxyType = 1;
			remoteGlobalIDString = 4B087D8A25454B490095BFD9;
			remoteInfo = LotteOn;
		};
		4B087DAD25454B4B0095BFD9 /* PBXContainerItemProxy */ = {
			isa = PBXContainerItemProxy;
			containerPortal = 4B087D8325454B490095BFD9 /* Project object */;
			proxyType = 1;
			remoteGlobalIDString = 4B087D8A25454B490095BFD9;
			remoteInfo = LotteOn;
		};
/* End PBXContainerItemProxy section */

/* Begin PBXFileReference section */
		432CE9ED3A89B05BA89E49DC /* Pods_LotteOn.framework */ = {isa = PBXFileReference; explicitFileType = wrapper.framework; includeInIndex = 0; path = Pods_LotteOn.framework; sourceTree = BUILT_PRODUCTS_DIR; };
		4B087D8B25454B490095BFD9 /* LotteOn.app */ = {isa = PBXFileReference; explicitFileType = wrapper.application; includeInIndex = 0; path = LotteOn.app; sourceTree = BUILT_PRODUCTS_DIR; };
		4B087D8E25454B490095BFD9 /* AppDelegate.swift */ = {isa = PBXFileReference; lastKnownFileType = sourcecode.swift; path = AppDelegate.swift; sourceTree = "<group>"; };
		4B087D9025454B490095BFD9 /* SceneDelegate.swift */ = {isa = PBXFileReference; lastKnownFileType = sourcecode.swift; path = SceneDelegate.swift; sourceTree = "<group>"; };
		4B087D9225454B490095BFD9 /* ViewController.swift */ = {isa = PBXFileReference; lastKnownFileType = sourcecode.swift; path = ViewController.swift; sourceTree = "<group>"; };
		4B087D9525454B490095BFD9 /* Base */ = {isa = PBXFileReference; lastKnownFileType = file.storyboard; name = Base; path = Base.lproj/Main.storyboard; sourceTree = "<group>"; };
		4B087D9725454B4B0095BFD9 /* Assets.xcassets */ = {isa = PBXFileReference; lastKnownFileType = folder.assetcatalog; path = Assets.xcassets; sourceTree = "<group>"; };
		4B087D9A25454B4B0095BFD9 /* Base */ = {isa = PBXFileReference; lastKnownFileType = file.storyboard; name = Base; path = Base.lproj/LaunchScreen.storyboard; sourceTree = "<group>"; };
		4B087D9C25454B4B0095BFD9 /* Info.plist */ = {isa = PBXFileReference; lastKnownFileType = text.plist.xml; path = Info.plist; sourceTree = "<group>"; };
		4B087DA125454B4B0095BFD9 /* LotteOnTests.xctest */ = {isa = PBXFileReference; explicitFileType = wrapper.cfbundle; includeInIndex = 0; path = LotteOnTests.xctest; sourceTree = BUILT_PRODUCTS_DIR; };
		4B087DA525454B4B0095BFD9 /* LotteOnTests.swift */ = {isa = PBXFileReference; lastKnownFileType = sourcecode.swift; path = LotteOnTests.swift; sourceTree = "<group>"; };
		4B087DA725454B4B0095BFD9 /* Info.plist */ = {isa = PBXFileReference; lastKnownFileType = text.plist.xml; path = Info.plist; sourceTree = "<group>"; };
		4B087DAC25454B4B0095BFD9 /* LotteOnUITests.xctest */ = {isa = PBXFileReference; explicitFileType = wrapper.cfbundle; includeInIndex = 0; path = LotteOnUITests.xctest; sourceTree = BUILT_PRODUCTS_DIR; };
		4B087DB025454B4B0095BFD9 /* LotteOnUITests.swift */ = {isa = PBXFileReference; lastKnownFileType = sourcecode.swift; path = LotteOnUITests.swift; sourceTree = "<group>"; };
		4B087DB225454B4B0095BFD9 /* Info.plist */ = {isa = PBXFileReference; lastKnownFileType = text.plist.xml; path = Info.plist; sourceTree = "<group>"; };
		4B087DC225454BA00095BFD9 /* Service.swift */ = {isa = PBXFileReference; lastKnownFileType = sourcecode.swift; path = Service.swift; sourceTree = "<group>"; };
		4B087DCB25454CC30095BFD9 /* Product.swift */ = {isa = PBXFileReference; lastKnownFileType = sourcecode.swift; path = Product.swift; sourceTree = "<group>"; };
		4B087DD325454D8B0095BFD9 /* product_list.json */ = {isa = PBXFileReference; fileEncoding = 4; lastKnownFileType = text.json; path = product_list.json; sourceTree = "<group>"; };
		4B087DD925454E3A0095BFD9 /* ProductListViewModel.swift */ = {isa = PBXFileReference; lastKnownFileType = sourcecode.swift; path = ProductListViewModel.swift; sourceTree = "<group>"; };
		4B087DDE25454EC90095BFD9 /* Bindable.swift */ = {isa = PBXFileReference; lastKnownFileType = sourcecode.swift; path = Bindable.swift; sourceTree = "<group>"; };
		4B087DED254554450095BFD9 /* CustomCollectionCell.swift */ = {isa = PBXFileReference; lastKnownFileType = sourcecode.swift; path = CustomCollectionCell.swift; sourceTree = "<group>"; };
		4B087DF8254556830095BFD9 /* ProductViewModel.swift */ = {isa = PBXFileReference; lastKnownFileType = sourcecode.swift; path = ProductViewModel.swift; sourceTree = "<group>"; };
		4B087DFD254557D40095BFD9 /* CustomCollectionCell.xib */ = {isa = PBXFileReference; lastKnownFileType = file.xib; path = CustomCollectionCell.xib; sourceTree = "<group>"; };
		4B087E032545596E0095BFD9 /* Extension.swift */ = {isa = PBXFileReference; lastKnownFileType = sourcecode.swift; path = Extension.swift; sourceTree = "<group>"; };
		4B0FC00B2546713300A3D2A3 /* MallSectionViewModel.swift */ = {isa = PBXFileReference; lastKnownFileType = sourcecode.swift; path = MallSectionViewModel.swift; sourceTree = "<group>"; };
		4B0FC0102546837C00A3D2A3 /* MallInfo.swift */ = {isa = PBXFileReference; lastKnownFileType = sourcecode.swift; path = MallInfo.swift; sourceTree = "<group>"; };
		4B9D22942545941B00117EF4 /* FilterViewController.swift */ = {isa = PBXFileReference; lastKnownFileType = sourcecode.swift; path = FilterViewController.swift; sourceTree = "<group>"; };
		4B9D22992545967A00117EF4 /* MallSelectionCell.swift */ = {isa = PBXFileReference; lastKnownFileType = sourcecode.swift; path = MallSelectionCell.swift; sourceTree = "<group>"; };
		4B9D229E2545968600117EF4 /* MallSelectionCell.xib */ = {isa = PBXFileReference; lastKnownFileType = file.xib; path = MallSelectionCell.xib; sourceTree = "<group>"; };
		53AE9E0748D003CD2C42AFD0 /* Pods-LotteOn.release.xcconfig */ = {isa = PBXFileReference; includeInIndex = 1; lastKnownFileType = text.xcconfig; name = "Pods-LotteOn.release.xcconfig"; path = "Target Support Files/Pods-LotteOn/Pods-LotteOn.release.xcconfig"; sourceTree = "<group>"; };
		8A7B6587C1BA66AC321DDA9B /* Pods-LotteOn-LotteOnUITests.debug.xcconfig */ = {isa = PBXFileReference; includeInIndex = 1; lastKnownFileType = text.xcconfig; name = "Pods-LotteOn-LotteOnUITests.debug.xcconfig"; path = "Target Support Files/Pods-LotteOn-LotteOnUITests/Pods-LotteOn-LotteOnUITests.debug.xcconfig"; sourceTree = "<group>"; };
		9EB83674154490692549A988 /* Pods_LotteOn_LotteOnUITests.framework */ = {isa = PBXFileReference; explicitFileType = wrapper.framework; includeInIndex = 0; path = Pods_LotteOn_LotteOnUITests.framework; sourceTree = BUILT_PRODUCTS_DIR; };
		B697625D46FA1D5B65B3371D /* Pods-LotteOnTests.release.xcconfig */ = {isa = PBXFileReference; includeInIndex = 1; lastKnownFileType = text.xcconfig; name = "Pods-LotteOnTests.release.xcconfig"; path = "Target Support Files/Pods-LotteOnTests/Pods-LotteOnTests.release.xcconfig"; sourceTree = "<group>"; };
		BC0B688EDCB384EFE4B4C0EB /* Pods-LotteOnTests.debug.xcconfig */ = {isa = PBXFileReference; includeInIndex = 1; lastKnownFileType = text.xcconfig; name = "Pods-LotteOnTests.debug.xcconfig"; path = "Target Support Files/Pods-LotteOnTests/Pods-LotteOnTests.debug.xcconfig"; sourceTree = "<group>"; };
		BE7B863423F2A97135B534A8 /* Pods-LotteOn-LotteOnUITests.release.xcconfig */ = {isa = PBXFileReference; includeInIndex = 1; lastKnownFileType = text.xcconfig; name = "Pods-LotteOn-LotteOnUITests.release.xcconfig"; path = "Target Support Files/Pods-LotteOn-LotteOnUITests/Pods-LotteOn-LotteOnUITests.release.xcconfig"; sourceTree = "<group>"; };
		C17B1B92D32E33B5D220BB79 /* Pods_LotteOnTests.framework */ = {isa = PBXFileReference; explicitFileType = wrapper.framework; includeInIndex = 0; path = Pods_LotteOnTests.framework; sourceTree = BUILT_PRODUCTS_DIR; };
		D60AB0980F90054ABBED7C66 /* Pods-LotteOn.debug.xcconfig */ = {isa = PBXFileReference; includeInIndex = 1; lastKnownFileType = text.xcconfig; name = "Pods-LotteOn.debug.xcconfig"; path = "Target Support Files/Pods-LotteOn/Pods-LotteOn.debug.xcconfig"; sourceTree = "<group>"; };
/* End PBXFileReference section */

/* Begin PBXFrameworksBuildPhase section */
		4B087D8825454B490095BFD9 /* Frameworks */ = {
			isa = PBXFrameworksBuildPhase;
			buildActionMask = 2147483647;
			files = (
				32170A3F511469EA30626D8B /* Pods_LotteOn.framework in Frameworks */,
			);
			runOnlyForDeploymentPostprocessing = 0;
		};
		4B087D9E25454B4B0095BFD9 /* Frameworks */ = {
			isa = PBXFrameworksBuildPhase;
			buildActionMask = 2147483647;
			files = (
				DB7184DB443386F60748E3AE /* Pods_LotteOnTests.framework in Frameworks */,
			);
			runOnlyForDeploymentPostprocessing = 0;
		};
		4B087DA925454B4B0095BFD9 /* Frameworks */ = {
			isa = PBXFrameworksBuildPhase;
			buildActionMask = 2147483647;
			files = (
				799A6A92431AF777A44551A6 /* Pods_LotteOn_LotteOnUITests.framework in Frameworks */,
			);
			runOnlyForDeploymentPostprocessing = 0;
		};
/* End PBXFrameworksBuildPhase section */

/* Begin PBXGroup section */
		4B087D8225454B490095BFD9 = {
			isa = PBXGroup;
			children = (
				4B087D8D25454B490095BFD9 /* LotteOn */,
				4B087DA425454B4B0095BFD9 /* LotteOnTests */,
				4B087DAF25454B4B0095BFD9 /* LotteOnUITests */,
				4B087D8C25454B490095BFD9 /* Products */,
				7CD325A078041BD86AAB6E72 /* Pods */,
				687391B11E9C0B63942A880F /* Frameworks */,
			);
			sourceTree = "<group>";
		};
		4B087D8C25454B490095BFD9 /* Products */ = {
			isa = PBXGroup;
			children = (
				4B087D8B25454B490095BFD9 /* LotteOn.app */,
				4B087DA125454B4B0095BFD9 /* LotteOnTests.xctest */,
				4B087DAC25454B4B0095BFD9 /* LotteOnUITests.xctest */,
			);
			name = Products;
			sourceTree = "<group>";
		};
		4B087D8D25454B490095BFD9 /* LotteOn */ = {
			isa = PBXGroup;
			children = (
				4B087E02254559480095BFD9 /* Extension */,
				4B087DEC254554380095BFD9 /* View */,
				4B087DD825454E290095BFD9 /* ViewModel */,
				4B087DCA25454BD50095BFD9 /* Model */,
				4B087DC125454B940095BFD9 /* Service */,
				4B0FC01C25469E4C00A3D2A3 /* ViewController */,
				4B087D8E25454B490095BFD9 /* AppDelegate.swift */,
				4B087D9025454B490095BFD9 /* SceneDelegate.swift */,
				4B087D9425454B490095BFD9 /* Main.storyboard */,
				4B087D9725454B4B0095BFD9 /* Assets.xcassets */,
				4B087D9925454B4B0095BFD9 /* LaunchScreen.storyboard */,
				4B087D9C25454B4B0095BFD9 /* Info.plist */,
				4B087DD325454D8B0095BFD9 /* product_list.json */,
			);
			path = LotteOn;
			sourceTree = "<group>";
		};
		4B087DA425454B4B0095BFD9 /* LotteOnTests */ = {
			isa = PBXGroup;
			children = (
				4B087DA525454B4B0095BFD9 /* LotteOnTests.swift */,
				4B087DA725454B4B0095BFD9 /* Info.plist */,
			);
			path = LotteOnTests;
			sourceTree = "<group>";
		};
		4B087DAF25454B4B0095BFD9 /* LotteOnUITests */ = {
			isa = PBXGroup;
			children = (
				4B087DB025454B4B0095BFD9 /* LotteOnUITests.swift */,
				4B087DB225454B4B0095BFD9 /* Info.plist */,
			);
			path = LotteOnUITests;
			sourceTree = "<group>";
		};
		4B087DC125454B940095BFD9 /* Service */ = {
			isa = PBXGroup;
			children = (
				4B087DC225454BA00095BFD9 /* Service.swift */,
			);
			path = Service;
			sourceTree = "<group>";
		};
		4B087DCA25454BD50095BFD9 /* Model */ = {
			isa = PBXGroup;
			children = (
				4B087DCB25454CC30095BFD9 /* Product.swift */,
				4B0FC0102546837C00A3D2A3 /* MallInfo.swift */,
			);
			path = Model;
			sourceTree = "<group>";
		};
		4B087DD825454E290095BFD9 /* ViewModel */ = {
			isa = PBXGroup;
			children = (
				4B087DDE25454EC90095BFD9 /* Bindable.swift */,
				4B087DD925454E3A0095BFD9 /* ProductListViewModel.swift */,
				4B087DF8254556830095BFD9 /* ProductViewModel.swift */,
				4B0FC00B2546713300A3D2A3 /* MallSectionViewModel.swift */,
			);
			path = ViewModel;
			sourceTree = "<group>";
		};
		4B087DEC254554380095BFD9 /* View */ = {
			isa = PBXGroup;
			children = (
				4B087DED254554450095BFD9 /* CustomCollectionCell.swift */,
				4B087DFD254557D40095BFD9 /* CustomCollectionCell.xib */,
				4B9D22992545967A00117EF4 /* MallSelectionCell.swift */,
				4B9D229E2545968600117EF4 /* MallSelectionCell.xib */,
			);
			path = View;
			sourceTree = "<group>";
		};
		4B087E02254559480095BFD9 /* Extension */ = {
			isa = PBXGroup;
			children = (
				4B087E032545596E0095BFD9 /* Extension.swift */,
			);
			path = Extension;
			sourceTree = "<group>";
		};
		4B0FC01C25469E4C00A3D2A3 /* ViewController */ = {
			isa = PBXGroup;
			children = (
				4B087D9225454B490095BFD9 /* ViewController.swift */,
				4B9D22942545941B00117EF4 /* FilterViewController.swift */,
			);
			path = ViewController;
			sourceTree = "<group>";
		};
		687391B11E9C0B63942A880F /* Frameworks */ = {
			isa = PBXGroup;
			children = (
				432CE9ED3A89B05BA89E49DC /* Pods_LotteOn.framework */,
				9EB83674154490692549A988 /* Pods_LotteOn_LotteOnUITests.framework */,
				C17B1B92D32E33B5D220BB79 /* Pods_LotteOnTests.framework */,
			);
			name = Frameworks;
			sourceTree = "<group>";
		};
		7CD325A078041BD86AAB6E72 /* Pods */ = {
			isa = PBXGroup;
			children = (
				D60AB0980F90054ABBED7C66 /* Pods-LotteOn.debug.xcconfig */,
				53AE9E0748D003CD2C42AFD0 /* Pods-LotteOn.release.xcconfig */,
				8A7B6587C1BA66AC321DDA9B /* Pods-LotteOn-LotteOnUITests.debug.xcconfig */,
				BE7B863423F2A97135B534A8 /* Pods-LotteOn-LotteOnUITests.release.xcconfig */,
				BC0B688EDCB384EFE4B4C0EB /* Pods-LotteOnTests.debug.xcconfig */,
				B697625D46FA1D5B65B3371D /* Pods-LotteOnTests.release.xcconfig */,
			);
			path = Pods;
			sourceTree = "<group>";
		};
/* End PBXGroup section */

/* Begin PBXNativeTarget section */
		4B087D8A25454B490095BFD9 /* LotteOn */ = {
			isa = PBXNativeTarget;
			buildConfigurationList = 4B087DB525454B4B0095BFD9 /* Build configuration list for PBXNativeTarget "LotteOn" */;
			buildPhases = (
				05D1AB4DA7FBF562DFB8D93C /* [CP] Check Pods Manifest.lock */,
				4B087D8725454B490095BFD9 /* Sources */,
				4B087D8825454B490095BFD9 /* Frameworks */,
				4B087D8925454B490095BFD9 /* Resources */,
				513646DD2F430FC028C84F53 /* [CP] Embed Pods Frameworks */,
			);
			buildRules = (
			);
			dependencies = (
			);
			name = LotteOn;
			productName = LotteOn;
			productReference = 4B087D8B25454B490095BFD9 /* LotteOn.app */;
			productType = "com.apple.product-type.application";
		};
		4B087DA025454B4B0095BFD9 /* LotteOnTests */ = {
			isa = PBXNativeTarget;
			buildConfigurationList = 4B087DB825454B4B0095BFD9 /* Build configuration list for PBXNativeTarget "LotteOnTests" */;
			buildPhases = (
				7C411B30F83D1C7097E844B1 /* [CP] Check Pods Manifest.lock */,
				4B087D9D25454B4B0095BFD9 /* Sources */,
				4B087D9E25454B4B0095BFD9 /* Frameworks */,
				4B087D9F25454B4B0095BFD9 /* Resources */,
			);
			buildRules = (
			);
			dependencies = (
				4B087DA325454B4B0095BFD9 /* PBXTargetDependency */,
			);
			name = LotteOnTests;
			productName = LotteOnTests;
			productReference = 4B087DA125454B4B0095BFD9 /* LotteOnTests.xctest */;
			productType = "com.apple.product-type.bundle.unit-test";
		};
		4B087DAB25454B4B0095BFD9 /* LotteOnUITests */ = {
			isa = PBXNativeTarget;
			buildConfigurationList = 4B087DBB25454B4B0095BFD9 /* Build configuration list for PBXNativeTarget "LotteOnUITests" */;
			buildPhases = (
				3FA5129B50C682A81C9178FF /* [CP] Check Pods Manifest.lock */,
				4B087DA825454B4B0095BFD9 /* Sources */,
				4B087DA925454B4B0095BFD9 /* Frameworks */,
				4B087DAA25454B4B0095BFD9 /* Resources */,
				5F2E6416DC4A77984CDBD077 /* [CP] Embed Pods Frameworks */,
			);
			buildRules = (
			);
			dependencies = (
				4B087DAE25454B4B0095BFD9 /* PBXTargetDependency */,
			);
			name = LotteOnUITests;
			productName = LotteOnUITests;
			productReference = 4B087DAC25454B4B0095BFD9 /* LotteOnUITests.xctest */;
			productType = "com.apple.product-type.bundle.ui-testing";
		};
/* End PBXNativeTarget section */

/* Begin PBXProject section */
		4B087D8325454B490095BFD9 /* Project object */ = {
			isa = PBXProject;
			attributes = {
				LastSwiftUpdateCheck = 1200;
				LastUpgradeCheck = 1200;
				TargetAttributes = {
					4B087D8A25454B490095BFD9 = {
						CreatedOnToolsVersion = 12.0.1;
					};
					4B087DA025454B4B0095BFD9 = {
						CreatedOnToolsVersion = 12.0.1;
						TestTargetID = 4B087D8A25454B490095BFD9;
					};
					4B087DAB25454B4B0095BFD9 = {
						CreatedOnToolsVersion = 12.0.1;
						TestTargetID = 4B087D8A25454B490095BFD9;
					};
				};
			};
			buildConfigurationList = 4B087D8625454B490095BFD9 /* Build configuration list for PBXProject "LotteOn" */;
			compatibilityVersion = "Xcode 9.3";
			developmentRegion = en;
			hasScannedForEncodings = 0;
			knownRegions = (
				en,
				Base,
			);
			mainGroup = 4B087D8225454B490095BFD9;
			productRefGroup = 4B087D8C25454B490095BFD9 /* Products */;
			projectDirPath = "";
			projectRoot = "";
			targets = (
				4B087D8A25454B490095BFD9 /* LotteOn */,
				4B087DA025454B4B0095BFD9 /* LotteOnTests */,
				4B087DAB25454B4B0095BFD9 /* LotteOnUITests */,
			);
		};
/* End PBXProject section */

/* Begin PBXResourcesBuildPhase section */
		4B087D8925454B490095BFD9 /* Resources */ = {
			isa = PBXResourcesBuildPhase;
			buildActionMask = 2147483647;
			files = (
				4B087D9B25454B4B0095BFD9 /* LaunchScreen.storyboard in Resources */,
				4B087DD425454D8C0095BFD9 /* product_list.json in Resources */,
				4B087D9825454B4B0095BFD9 /* Assets.xcassets in Resources */,
				4B087DFE254557D40095BFD9 /* CustomCollectionCell.xib in Resources */,
				4B9D229F2545968600117EF4 /* MallSelectionCell.xib in Resources */,
				4B087D9625454B490095BFD9 /* Main.storyboard in Resources */,
			);
			runOnlyForDeploymentPostprocessing = 0;
		};
		4B087D9F25454B4B0095BFD9 /* Resources */ = {
			isa = PBXResourcesBuildPhase;
			buildActionMask = 2147483647;
			files = (
			);
			runOnlyForDeploymentPostprocessing = 0;
		};
		4B087DAA25454B4B0095BFD9 /* Resources */ = {
			isa = PBXResourcesBuildPhase;
			buildActionMask = 2147483647;
			files = (
			);
			runOnlyForDeploymentPostprocessing = 0;
		};
/* End PBXResourcesBuildPhase section */

/* Begin PBXShellScriptBuildPhase section */
		05D1AB4DA7FBF562DFB8D93C /* [CP] Check Pods Manifest.lock */ = {
			isa = PBXShellScriptBuildPhase;
			buildActionMask = 2147483647;
			files = (
			);
			inputFileListPaths = (
			);
			inputPaths = (
				"${PODS_PODFILE_DIR_PATH}/Podfile.lock",
				"${PODS_ROOT}/Manifest.lock",
			);
			name = "[CP] Check Pods Manifest.lock";
			outputFileListPaths = (
			);
			outputPaths = (
				"$(DERIVED_FILE_DIR)/Pods-LotteOn-checkManifestLockResult.txt",
			);
			runOnlyForDeploymentPostprocessing = 0;
			shellPath = /bin/sh;
			shellScript = "diff \"${PODS_PODFILE_DIR_PATH}/Podfile.lock\" \"${PODS_ROOT}/Manifest.lock\" > /dev/null\nif [ $? != 0 ] ; then\n    # print error to STDERR\n    echo \"error: The sandbox is not in sync with the Podfile.lock. Run 'pod install' or update your CocoaPods installation.\" >&2\n    exit 1\nfi\n# This output is used by Xcode 'outputs' to avoid re-running this script phase.\necho \"SUCCESS\" > \"${SCRIPT_OUTPUT_FILE_0}\"\n";
			showEnvVarsInLog = 0;
		};
		3FA5129B50C682A81C9178FF /* [CP] Check Pods Manifest.lock */ = {
			isa = PBXShellScriptBuildPhase;
			buildActionMask = 2147483647;
			files = (
			);
			inputFileListPaths = (
			);
			inputPaths = (
				"${PODS_PODFILE_DIR_PATH}/Podfile.lock",
				"${PODS_ROOT}/Manifest.lock",
			);
			name = "[CP] Check Pods Manifest.lock";
			outputFileListPaths = (
			);
			outputPaths = (
				"$(DERIVED_FILE_DIR)/Pods-LotteOn-LotteOnUITests-checkManifestLockResult.txt",
			);
			runOnlyForDeploymentPostprocessing = 0;
			shellPath = /bin/sh;
			shellScript = "diff \"${PODS_PODFILE_DIR_PATH}/Podfile.lock\" \"${PODS_ROOT}/Manifest.lock\" > /dev/null\nif [ $? != 0 ] ; then\n    # print error to STDERR\n    echo \"error: The sandbox is not in sync with the Podfile.lock. Run 'pod install' or update your CocoaPods installation.\" >&2\n    exit 1\nfi\n# This output is used by Xcode 'outputs' to avoid re-running this script phase.\necho \"SUCCESS\" > \"${SCRIPT_OUTPUT_FILE_0}\"\n";
			showEnvVarsInLog = 0;
		};
		513646DD2F430FC028C84F53 /* [CP] Embed Pods Frameworks */ = {
			isa = PBXShellScriptBuildPhase;
			buildActionMask = 2147483647;
			files = (
			);
			inputFileListPaths = (
				"${PODS_ROOT}/Target Support Files/Pods-LotteOn/Pods-LotteOn-frameworks-${CONFIGURATION}-input-files.xcfilelist",
			);
			name = "[CP] Embed Pods Frameworks";
			outputFileListPaths = (
				"${PODS_ROOT}/Target Support Files/Pods-LotteOn/Pods-LotteOn-frameworks-${CONFIGURATION}-output-files.xcfilelist",
			);
			runOnlyForDeploymentPostprocessing = 0;
			shellPath = /bin/sh;
			shellScript = "\"${PODS_ROOT}/Target Support Files/Pods-LotteOn/Pods-LotteOn-frameworks.sh\"\n";
			showEnvVarsInLog = 0;
		};
		5F2E6416DC4A77984CDBD077 /* [CP] Embed Pods Frameworks */ = {
			isa = PBXShellScriptBuildPhase;
			buildActionMask = 2147483647;
			files = (
			);
			inputFileListPaths = (
				"${PODS_ROOT}/Target Support Files/Pods-LotteOn-LotteOnUITests/Pods-LotteOn-LotteOnUITests-frameworks-${CONFIGURATION}-input-files.xcfilelist",
			);
			name = "[CP] Embed Pods Frameworks";
			outputFileListPaths = (
				"${PODS_ROOT}/Target Support Files/Pods-LotteOn-LotteOnUITests/Pods-LotteOn-LotteOnUITests-frameworks-${CONFIGURATION}-output-files.xcfilelist",
			);
			runOnlyForDeploymentPostprocessing = 0;
			shellPath = /bin/sh;
			shellScript = "\"${PODS_ROOT}/Target Support Files/Pods-LotteOn-LotteOnUITests/Pods-LotteOn-LotteOnUITests-frameworks.sh\"\n";
			showEnvVarsInLog = 0;
		};
		7C411B30F83D1C7097E844B1 /* [CP] Check Pods Manifest.lock */ = {
			isa = PBXShellScriptBuildPhase;
			buildActionMask = 2147483647;
			files = (
			);
			inputFileListPaths = (
			);
			inputPaths = (
				"${PODS_PODFILE_DIR_PATH}/Podfile.lock",
				"${PODS_ROOT}/Manifest.lock",
			);
			name = "[CP] Check Pods Manifest.lock";
			outputFileListPaths = (
			);
			outputPaths = (
				"$(DERIVED_FILE_DIR)/Pods-LotteOnTests-checkManifestLockResult.txt",
			);
			runOnlyForDeploymentPostprocessing = 0;
			shellPath = /bin/sh;
			shellScript = "diff \"${PODS_PODFILE_DIR_PATH}/Podfile.lock\" \"${PODS_ROOT}/Manifest.lock\" > /dev/null\nif [ $? != 0 ] ; then\n    # print error to STDERR\n    echo \"error: The sandbox is not in sync with the Podfile.lock. Run 'pod install' or update your CocoaPods installation.\" >&2\n    exit 1\nfi\n# This output is used by Xcode 'outputs' to avoid re-running this script phase.\necho \"SUCCESS\" > \"${SCRIPT_OUTPUT_FILE_0}\"\n";
			showEnvVarsInLog = 0;
		};
/* End PBXShellScriptBuildPhase section */

/* Begin PBXSourcesBuildPhase section */
		4B087D8725454B490095BFD9 /* Sources */ = {
			isa = PBXSourcesBuildPhase;
			buildActionMask = 2147483647;
			files = (
				4B087D9325454B490095BFD9 /* ViewController.swift in Sources */,
				4B087DC325454BA00095BFD9 /* Service.swift in Sources */,
				4B9D229A2545967A00117EF4 /* MallSelectionCell.swift in Sources */,
				4B087DDA25454E3A0095BFD9 /* ProductListViewModel.swift in Sources */,
				4B087DCC25454CC30095BFD9 /* Product.swift in Sources */,
				4B087DEE254554450095BFD9 /* CustomCollectionCell.swift in Sources */,
				4B9D22952545941B00117EF4 /* FilterViewController.swift in Sources */,
				4B0FC00C2546713300A3D2A3 /* MallSectionViewModel.swift in Sources */,
				4B087E042545596E0095BFD9 /* Extension.swift in Sources */,
				4B087DF9254556830095BFD9 /* ProductViewModel.swift in Sources */,
				4B087D8F25454B490095BFD9 /* AppDelegate.swift in Sources */,
				4B0FC0112546837C00A3D2A3 /* MallInfo.swift in Sources */,
				4B087DDF25454EC90095BFD9 /* Bindable.swift in Sources */,
				4B087D9125454B490095BFD9 /* SceneDelegate.swift in Sources */,
			);
			runOnlyForDeploymentPostprocessing = 0;
		};
		4B087D9D25454B4B0095BFD9 /* Sources */ = {
			isa = PBXSourcesBuildPhase;
			buildActionMask = 2147483647;
			files = (
				4B087DA625454B4B0095BFD9 /* LotteOnTests.swift in Sources */,
			);
			runOnlyForDeploymentPostprocessing = 0;
		};
		4B087DA825454B4B0095BFD9 /* Sources */ = {
			isa = PBXSourcesBuildPhase;
			buildActionMask = 2147483647;
			files = (
				4B087DB125454B4B0095BFD9 /* LotteOnUITests.swift in Sources */,
			);
			runOnlyForDeploymentPostprocessing = 0;
		};
/* End PBXSourcesBuildPhase section */

/* Begin PBXTargetDependency section */
		4B087DA325454B4B0095BFD9 /* PBXTargetDependency */ = {
			isa = PBXTargetDependency;
			target = 4B087D8A25454B490095BFD9 /* LotteOn */;
			targetProxy = 4B087DA225454B4B0095BFD9 /* PBXContainerItemProxy */;
		};
		4B087DAE25454B4B0095BFD9 /* PBXTargetDependency */ = {
			isa = PBXTargetDependency;
			target = 4B087D8A25454B490095BFD9 /* LotteOn */;
			targetProxy = 4B087DAD25454B4B0095BFD9 /* PBXContainerItemProxy */;
		};
/* End PBXTargetDependency section */

/* Begin PBXVariantGroup section */
		4B087D9425454B490095BFD9 /* Main.storyboard */ = {
			isa = PBXVariantGroup;
			children = (
				4B087D9525454B490095BFD9 /* Base */,
			);
			name = Main.storyboard;
			sourceTree = "<group>";
		};
		4B087D9925454B4B0095BFD9 /* LaunchScreen.storyboard */ = {
			isa = PBXVariantGroup;
			children = (
				4B087D9A25454B4B0095BFD9 /* Base */,
			);
			name = LaunchScreen.storyboard;
			sourceTree = "<group>";
		};
/* End PBXVariantGroup section */

/* Begin XCBuildConfiguration section */
		4B087DB325454B4B0095BFD9 /* Debug */ = {
			isa = XCBuildConfiguration;
			buildSettings = {
				ALWAYS_SEARCH_USER_PATHS = NO;
				CLANG_ANALYZER_NONNULL = YES;
				CLANG_ANALYZER_NUMBER_OBJECT_CONVERSION = YES_AGGRESSIVE;
				CLANG_CXX_LANGUAGE_STANDARD = "gnu++14";
				CLANG_CXX_LIBRARY = "libc++";
				CLANG_ENABLE_MODULES = YES;
				CLANG_ENABLE_OBJC_ARC = YES;
				CLANG_ENABLE_OBJC_WEAK = YES;
				CLANG_WARN_BLOCK_CAPTURE_AUTORELEASING = YES;
				CLANG_WARN_BOOL_CONVERSION = YES;
				CLANG_WARN_COMMA = YES;
				CLANG_WARN_CONSTANT_CONVERSION = YES;
				CLANG_WARN_DEPRECATED_OBJC_IMPLEMENTATIONS = YES;
				CLANG_WARN_DIRECT_OBJC_ISA_USAGE = YES_ERROR;
				CLANG_WARN_DOCUMENTATION_COMMENTS = YES;
				CLANG_WARN_EMPTY_BODY = YES;
				CLANG_WARN_ENUM_CONVERSION = YES;
				CLANG_WARN_INFINITE_RECURSION = YES;
				CLANG_WARN_INT_CONVERSION = YES;
				CLANG_WARN_NON_LITERAL_NULL_CONVERSION = YES;
				CLANG_WARN_OBJC_IMPLICIT_RETAIN_SELF = YES;
				CLANG_WARN_OBJC_LITERAL_CONVERSION = YES;
				CLANG_WARN_OBJC_ROOT_CLASS = YES_ERROR;
				CLANG_WARN_QUOTED_INCLUDE_IN_FRAMEWORK_HEADER = YES;
				CLANG_WARN_RANGE_LOOP_ANALYSIS = YES;
				CLANG_WARN_STRICT_PROTOTYPES = YES;
				CLANG_WARN_SUSPICIOUS_MOVE = YES;
				CLANG_WARN_UNGUARDED_AVAILABILITY = YES_AGGRESSIVE;
				CLANG_WARN_UNREACHABLE_CODE = YES;
				CLANG_WARN__DUPLICATE_METHOD_MATCH = YES;
				COPY_PHASE_STRIP = NO;
				DEBUG_INFORMATION_FORMAT = dwarf;
				ENABLE_STRICT_OBJC_MSGSEND = YES;
				ENABLE_TESTABILITY = YES;
				GCC_C_LANGUAGE_STANDARD = gnu11;
				GCC_DYNAMIC_NO_PIC = NO;
				GCC_NO_COMMON_BLOCKS = YES;
				GCC_OPTIMIZATION_LEVEL = 0;
				GCC_PREPROCESSOR_DEFINITIONS = (
					"DEBUG=1",
					"$(inherited)",
				);
				GCC_WARN_64_TO_32_BIT_CONVERSION = YES;
				GCC_WARN_ABOUT_RETURN_TYPE = YES_ERROR;
				GCC_WARN_UNDECLARED_SELECTOR = YES;
				GCC_WARN_UNINITIALIZED_AUTOS = YES_AGGRESSIVE;
				GCC_WARN_UNUSED_FUNCTION = YES;
				GCC_WARN_UNUSED_VARIABLE = YES;
				IPHONEOS_DEPLOYMENT_TARGET = 14.0;
				MTL_ENABLE_DEBUG_INFO = INCLUDE_SOURCE;
				MTL_FAST_MATH = YES;
				ONLY_ACTIVE_ARCH = YES;
				SDKROOT = iphoneos;
				SWIFT_ACTIVE_COMPILATION_CONDITIONS = DEBUG;
				SWIFT_OPTIMIZATION_LEVEL = "-Onone";
			};
			name = Debug;
		};
		4B087DB425454B4B0095BFD9 /* Release */ = {
			isa = XCBuildConfiguration;
			buildSettings = {
				ALWAYS_SEARCH_USER_PATHS = NO;
				CLANG_ANALYZER_NONNULL = YES;
				CLANG_ANALYZER_NUMBER_OBJECT_CONVERSION = YES_AGGRESSIVE;
				CLANG_CXX_LANGUAGE_STANDARD = "gnu++14";
				CLANG_CXX_LIBRARY = "libc++";
				CLANG_ENABLE_MODULES = YES;
				CLANG_ENABLE_OBJC_ARC = YES;
				CLANG_ENABLE_OBJC_WEAK = YES;
				CLANG_WARN_BLOCK_CAPTURE_AUTORELEASING = YES;
				CLANG_WARN_BOOL_CONVERSION = YES;
				CLANG_WARN_COMMA = YES;
				CLANG_WARN_CONSTANT_CONVERSION = YES;
				CLANG_WARN_DEPRECATED_OBJC_IMPLEMENTATIONS = YES;
				CLANG_WARN_DIRECT_OBJC_ISA_USAGE = YES_ERROR;
				CLANG_WARN_DOCUMENTATION_COMMENTS = YES;
				CLANG_WARN_EMPTY_BODY = YES;
				CLANG_WARN_ENUM_CONVERSION = YES;
				CLANG_WARN_INFINITE_RECURSION = YES;
				CLANG_WARN_INT_CONVERSION = YES;
				CLANG_WARN_NON_LITERAL_NULL_CONVERSION = YES;
				CLANG_WARN_OBJC_IMPLICIT_RETAIN_SELF = YES;
				CLANG_WARN_OBJC_LITERAL_CONVERSION = YES;
				CLANG_WARN_OBJC_ROOT_CLASS = YES_ERROR;
				CLANG_WARN_QUOTED_INCLUDE_IN_FRAMEWORK_HEADER = YES;
				CLANG_WARN_RANGE_LOOP_ANALYSIS = YES;
				CLANG_WARN_STRICT_PROTOTYPES = YES;
				CLANG_WARN_SUSPICIOUS_MOVE = YES;
				CLANG_WARN_UNGUARDED_AVAILABILITY = YES_AGGRESSIVE;
				CLANG_WARN_UNREACHABLE_CODE = YES;
				CLANG_WARN__DUPLICATE_METHOD_MATCH = YES;
				COPY_PHASE_STRIP = NO;
				DEBUG_INFORMATION_FORMAT = "dwarf-with-dsym";
				ENABLE_NS_ASSERTIONS = NO;
				ENABLE_STRICT_OBJC_MSGSEND = YES;
				GCC_C_LANGUAGE_STANDARD = gnu11;
				GCC_NO_COMMON_BLOCKS = YES;
				GCC_WARN_64_TO_32_BIT_CONVERSION = YES;
				GCC_WARN_ABOUT_RETURN_TYPE = YES_ERROR;
				GCC_WARN_UNDECLARED_SELECTOR = YES;
				GCC_WARN_UNINITIALIZED_AUTOS = YES_AGGRESSIVE;
				GCC_WARN_UNUSED_FUNCTION = YES;
				GCC_WARN_UNUSED_VARIABLE = YES;
				IPHONEOS_DEPLOYMENT_TARGET = 14.0;
				MTL_ENABLE_DEBUG_INFO = NO;
				MTL_FAST_MATH = YES;
				SDKROOT = iphoneos;
				SWIFT_COMPILATION_MODE = wholemodule;
				SWIFT_OPTIMIZATION_LEVEL = "-O";
				VALIDATE_PRODUCT = YES;
			};
			name = Release;
		};
		4B087DB625454B4B0095BFD9 /* Debug */ = {
			isa = XCBuildConfiguration;
			baseConfigurationReference = D60AB0980F90054ABBED7C66 /* Pods-LotteOn.debug.xcconfig */;
			buildSettings = {
				ASSETCATALOG_COMPILER_APPICON_NAME = AppIcon;
				ASSETCATALOG_COMPILER_GLOBAL_ACCENT_COLOR_NAME = AccentColor;
				CODE_SIGN_STYLE = Automatic;
				INFOPLIST_FILE = LotteOn/Info.plist;
				LD_RUNPATH_SEARCH_PATHS = (
					"$(inherited)",
					"@executable_path/Frameworks",
				);
				PRODUCT_BUNDLE_IDENTIFIER = com.mmxsound.LotteOn;
				PRODUCT_NAME = "$(TARGET_NAME)";
				SWIFT_VERSION = 5.0;
				TARGETED_DEVICE_FAMILY = "1,2";
			};
			name = Debug;
		};
		4B087DB725454B4B0095BFD9 /* Release */ = {
			isa = XCBuildConfiguration;
			baseConfigurationReference = 53AE9E0748D003CD2C42AFD0 /* Pods-LotteOn.release.xcconfig */;
			buildSettings = {
				ASSETCATALOG_COMPILER_APPICON_NAME = AppIcon;
				ASSETCATALOG_COMPILER_GLOBAL_ACCENT_COLOR_NAME = AccentColor;
				CODE_SIGN_STYLE = Automatic;
				INFOPLIST_FILE = LotteOn/Info.plist;
				LD_RUNPATH_SEARCH_PATHS = (
					"$(inherited)",
					"@executable_path/Frameworks",
				);
				PRODUCT_BUNDLE_IDENTIFIER = com.mmxsound.LotteOn;
				PRODUCT_NAME = "$(TARGET_NAME)";
				SWIFT_VERSION = 5.0;
				TARGETED_DEVICE_FAMILY = "1,2";
			};
			name = Release;
		};
		4B087DB925454B4B0095BFD9 /* Debug */ = {
			isa = XCBuildConfiguration;
			baseConfigurationReference = BC0B688EDCB384EFE4B4C0EB /* Pods-LotteOnTests.debug.xcconfig */;
			buildSettings = {
				ALWAYS_EMBED_SWIFT_STANDARD_LIBRARIES = YES;
				BUNDLE_LOADER = "$(TEST_HOST)";
				CODE_SIGN_STYLE = Automatic;
				INFOPLIST_FILE = LotteOnTests/Info.plist;
				IPHONEOS_DEPLOYMENT_TARGET = 14.0;
				LD_RUNPATH_SEARCH_PATHS = (
					"$(inherited)",
					"@executable_path/Frameworks",
					"@loader_path/Frameworks",
				);
				PRODUCT_BUNDLE_IDENTIFIER = com.mmxsound.LotteOnTests;
				PRODUCT_NAME = "$(TARGET_NAME)";
				SWIFT_VERSION = 5.0;
				TARGETED_DEVICE_FAMILY = "1,2";
				TEST_HOST = "$(BUILT_PRODUCTS_DIR)/LotteOn.app/LotteOn";
			};
			name = Debug;
		};
		4B087DBA25454B4B0095BFD9 /* Release */ = {
			isa = XCBuildConfiguration;
			baseConfigurationReference = B697625D46FA1D5B65B3371D /* Pods-LotteOnTests.release.xcconfig */;
			buildSettings = {
				ALWAYS_EMBED_SWIFT_STANDARD_LIBRARIES = YES;
				BUNDLE_LOADER = "$(TEST_HOST)";
				CODE_SIGN_STYLE = Automatic;
				INFOPLIST_FILE = LotteOnTests/Info.plist;
				IPHONEOS_DEPLOYMENT_TARGET = 14.0;
				LD_RUNPATH_SEARCH_PATHS = (
					"$(inherited)",
					"@executable_path/Frameworks",
					"@loader_path/Frameworks",
				);
				PRODUCT_BUNDLE_IDENTIFIER = com.mmxsound.LotteOnTests;
				PRODUCT_NAME = "$(TARGET_NAME)";
				SWIFT_VERSION = 5.0;
				TARGETED_DEVICE_FAMILY = "1,2";
				TEST_HOST = "$(BUILT_PRODUCTS_DIR)/LotteOn.app/LotteOn";
			};
			name = Release;
		};
		4B087DBC25454B4B0095BFD9 /* Debug */ = {
			isa = XCBuildConfiguration;
			baseConfigurationReference = 8A7B6587C1BA66AC321DDA9B /* Pods-LotteOn-LotteOnUITests.debug.xcconfig */;
			buildSettings = {
				ALWAYS_EMBED_SWIFT_STANDARD_LIBRARIES = YES;
				CODE_SIGN_STYLE = Automatic;
				INFOPLIST_FILE = LotteOnUITests/Info.plist;
				LD_RUNPATH_SEARCH_PATHS = (
					"$(inherited)",
					"@executable_path/Frameworks",
					"@loader_path/Frameworks",
				);
				PRODUCT_BUNDLE_IDENTIFIER = com.mmxsound.LotteOnUITests;
				PRODUCT_NAME = "$(TARGET_NAME)";
				SWIFT_VERSION = 5.0;
				TARGETED_DEVICE_FAMILY = "1,2";
				TEST_TARGET_NAME = LotteOn;
			};
			name = Debug;
		};
		4B087DBD25454B4B0095BFD9 /* Release */ = {
			isa = XCBuildConfiguration;
			baseConfigurationReference = BE7B863423F2A97135B534A8 /* Pods-LotteOn-LotteOnUITests.release.xcconfig */;
			buildSettings = {
				ALWAYS_EMBED_SWIFT_STANDARD_LIBRARIES = YES;
				CODE_SIGN_STYLE = Automatic;
				INFOPLIST_FILE = LotteOnUITests/Info.plist;
				LD_RUNPATH_SEARCH_PATHS = (
					"$(inherited)",
					"@executable_path/Frameworks",
					"@loader_path/Frameworks",
				);
				PRODUCT_BUNDLE_IDENTIFIER = com.mmxsound.LotteOnUITests;
				PRODUCT_NAME = "$(TARGET_NAME)";
				SWIFT_VERSION = 5.0;
				TARGETED_DEVICE_FAMILY = "1,2";
				TEST_TARGET_NAME = LotteOn;
			};
			name = Release;
		};
/* End XCBuildConfiguration section */

/* Begin XCConfigurationList section */
		4B087D8625454B490095BFD9 /* Build configuration list for PBXProject "LotteOn" */ = {
			isa = XCConfigurationList;
			buildConfigurations = (
				4B087DB325454B4B0095BFD9 /* Debug */,
				4B087DB425454B4B0095BFD9 /* Release */,
			);
			defaultConfigurationIsVisible = 0;
			defaultConfigurationName = Release;
		};
		4B087DB525454B4B0095BFD9 /* Build configuration list for PBXNativeTarget "LotteOn" */ = {
			isa = XCConfigurationList;
			buildConfigurations = (
				4B087DB625454B4B0095BFD9 /* Debug */,
				4B087DB725454B4B0095BFD9 /* Release */,
			);
			defaultConfigurationIsVisible = 0;
			defaultConfigurationName = Release;
		};
		4B087DB825454B4B0095BFD9 /* Build configuration list for PBXNativeTarget "LotteOnTests" */ = {
			isa = XCConfigurationList;
			buildConfigurations = (
				4B087DB925454B4B0095BFD9 /* Debug */,
				4B087DBA25454B4B0095BFD9 /* Release */,
			);
			defaultConfigurationIsVisible = 0;
			defaultConfigurationName = Release;
		};
		4B087DBB25454B4B0095BFD9 /* Build configuration list for PBXNativeTarget "LotteOnUITests" */ = {
			isa = XCConfigurationList;
			buildConfigurations = (
				4B087DBC25454B4B0095BFD9 /* Debug */,
				4B087DBD25454B4B0095BFD9 /* Release */,
			);
			defaultConfigurationIsVisible = 0;
			defaultConfigurationName = Release;
		};
/* End XCConfigurationList section */
	};
	rootObject = 4B087D8325454B490095BFD9 /* Project object */;
}
